PODS:
  - ClearentIdtechIOSFrameworkPod (0.1.0)

DEPENDENCIES:
  - ClearentIdtechIOSFrameworkPod (from `../`)

EXTERNAL SOURCES:
  ClearentIdtechIOSFrameworkPod:
    :path: ../

SPEC CHECKSUMS:
  ClearentIdtechIOSFrameworkPod: 4fb2645b377db8513165457051388bd9ae222e3b

PODFILE CHECKSUM: 2fc5ae77c37adadcf31327a2b6ce357e01ab3a46

COCOAPODS: 1.4.0
